# @generated - this file is auto-generated by `mise lock` https://mise.jdx.dev/dev-tools/mise-lock.html

[[tools.python]]
version = "3.11.15"
backend = "core:python"

[tools.python."platforms.linux-arm64"]
checksum = "sha256:9ac18c9a761e91e6c6452bc0ef0082922a00a3fdec734555635d57c3169309b7"
url = "https://github.com/astral-sh/python-build-standalone/releases/download/20260623/cpython-3.11.15+20260623-aarch64-unknown-linux-gnu-install_only_stripped.tar.gz"
provenance = "github-attestations"

[tools.python."platforms.linux-arm64-musl"]
checksum = "sha256:bcd414f2e9d8cc5d4ac7fab2c8f912e30379c150fa6b94da19d64daf85cfc5d4"
url = "https://github.com/astral-sh/python-build-standalone/releases/download/20260623/cpython-3.11.15+20260623-aarch64-unknown-linux-musl-install_only_stripped.tar.gz"
provenance = "github-attestations"

[tools.python."platforms.linux-x64"]
checksum = "sha256:0604cd029b142dc223e131f17f5941c0c8d2d5074997c8178b515b19eea2a6c2"
url = "https://github.com/astral-sh/python-build-standalone/releases/download/20260623/cpython-3.11.15+20260623-x86_64-unknown-linux-gnu-install_only_stripped.tar.gz"
provenance = "github-attestations"

[tools.python."platforms.linux-x64-musl"]
checksum = "sha256:45bffdb320cf4a2c2dbf183b634aeb7e28f9cb0646f715b2f4117c11084d839a"
url = "https://github.com/astral-sh/python-build-standalone/releases/download/20260623/cpython-3.11.15+20260623-x86_64-unknown-linux-musl-install_only_stripped.tar.gz"
provenance = "github-attestations"

[tools.python."platforms.macos-arm64"]
checksum = "sha256:2318799eaf104f8a29bc09a93b0851b05dbbcb4ce9a5f045ddea169c0c7ff3a5"
url = "https://github.com/astral-sh/python-build-standalone/releases/download/20260623/cpython-3.11.15+20260623-aarch64-apple-darwin-install_only_stripped.tar.gz"
provenance = "github-attestations"

[tools.python."platforms.macos-x64"]
checksum = "sha256:4925e5aaa9bc77c85302d350b36c1d9def2002996a6bcfa55c88ba6eb318de29"
url = "https://github.com/astral-sh/python-build-standalone/releases/download/20260623/cpython-3.11.15+20260623-x86_64-apple-darwin-install_only_stripped.tar.gz"
provenance = "github-attestations"

[tools.python."platforms.windows-x64"]
checksum = "sha256:6589ca6d63f520bec4096d62b3ab91da3d0a80b16b594c99a6b677e335814683"
url = "https://github.com/astral-sh/python-build-standalone/releases/download/20260623/cpython-3.11.15+20260623-x86_64-pc-windows-msvc-install_only_stripped.tar.gz"
provenance = "github-attestations"

[[tools.python]]
version = "3.12.13"
backend = "core:python"

[tools.python."platforms.linux-arm64"]
checksum = "sha256:b85154b9c7ca9de3f85f2c9f032d503151db16ef198de86b885fc61890c075ed"
url = "https://github.com/astral-sh/python-build-standalone/releases/download/20260623/cpython-3.12.13+20260623-aarch64-unknown-linux-gnu-install_only_stripped.tar.gz"
provenance = "github-attestations"

[tools.python."platforms.linux-arm64-musl"]
checksum = "sha256:66f59eb91a2c7e4fe11201e71d23abf1e14730e37d7ae86c68c50124f7c6d5b7"
url = "https://github.com/astral-sh/python-build-standalone/releases/download/20260623/cpython-3.12.13+20260623-aarch64-unknown-linux-musl-install_only_stripped.tar.gz"
provenance = "github-attestations"

[tools.python."platforms.linux-x64"]
checksum = "sha256:10a452caac7041357805f0c19a60576df53f1ab06d1abfc9200f1f0157cb3bd1"
url = "https://github.com/astral-sh/python-build-standalone/releases/download/20260623/cpython-3.12.13+20260623-x86_64-unknown-linux-gnu-install_only_stripped.tar.gz"
provenance = "github-attestations"

[tools.python."platforms.linux-x64-musl"]
checksum = "sha256:c97f849b60b7baf80c5fe734e905a777d668be86bf530274041682a7a7b239da"
url = "https://github.com/astral-sh/python-build-standalone/releases/download/20260623/cpython-3.12.13+20260623-x86_64-unknown-linux-musl-install_only_stripped.tar.gz"
provenance = "github-attestations"

[tools.python."platforms.macos-arm64"]
checksum = "sha256:41df7d3ae4757e84b97874f76d634268456aaa271740d33f968d826374998fb7"
url = "https://github.com/astral-sh/python-build-standalone/releases/download/20260623/cpython-3.12.13+20260623-aarch64-apple-darwin-install_only_stripped.tar.gz"
provenance = "github-attestations"

[tools.python."platforms.macos-x64"]
checksum = "sha256:a6bbea996c5f14eb55ab275889d2df45408deec504b4a7219d7b59c045b2555e"
url = "https://github.com/astral-sh/python-build-standalone/releases/download/20260623/cpython-3.12.13+20260623-x86_64-apple-darwin-install_only_stripped.tar.gz"
provenance = "github-attestations"

[tools.python."platforms.windows-x64"]
checksum = "sha256:de3e362376859b060fa8b856c434efa81fcf6d4ede3d6e177c7e2169670cac50"
url = "https://github.com/astral-sh/python-build-standalone/releases/download/20260623/cpython-3.12.13+20260623-x86_64-pc-windows-msvc-install_only_stripped.tar.gz"
provenance = "github-attestations"

[[tools.python]]
version = "3.13.2"
backend = "core:python"

[tools.python."platforms.linux-arm64"]
checksum = "sha256:106bf4f243a2d02a1e3995ad0551bf15bdfb33abfc18f85138e6b8dd0d1923fc"
url = "https://github.com/astral-sh/python-build-standalone/releases/download/20250317/cpython-3.13.2+20250317-aarch64-unknown-linux-gnu-install_only_stripped.tar.gz"
provenance = "github-attestations"

[tools.python."platforms.linux-x64"]
checksum = "sha256:ee909a9d0fb16375ebd3b3ca0322fd9cac0904b304e28ad68527036858e301e9"
url = "https://github.com/astral-sh/python-build-standalone/releases/download/20250317/cpython-3.13.2+20250317-x86_64-unknown-linux-gnu-install_only_stripped.tar.gz"
provenance = "github-attestations"

[tools.python."platforms.linux-x64-musl"]
checksum = "sha256:78d114a43b7e11bd8fec41149f5a8f67adea2d086253275f010f001fa9e3614e"
url = "https://github.com/astral-sh/python-build-standalone/releases/download/20250317/cpython-3.13.2+20250317-x86_64-unknown-linux-musl-install_only_stripped.tar.gz"
provenance = "github-attestations"

[tools.python."platforms.macos-arm64"]
checksum = "sha256:9002e620e4113e7439b2de0db5ff9b2dc914cde4fba2f10134cce3a5cdebac81"
url = "https://github.com/astral-sh/python-build-standalone/releases/download/20250317/cpython-3.13.2+20250317-aarch64-apple-darwin-install_only_stripped.tar.gz"
provenance = "github-attestations"

[tools.python."platforms.macos-x64"]
checksum = "sha256:e5a904ecfb4061389773dd655d3b5665447c80cbf2948fcb1c07e92716eed955"
url = "https://github.com/astral-sh/python-build-standalone/releases/download/20250317/cpython-3.13.2+20250317-x86_64-apple-darwin-install_only_stripped.tar.gz"
provenance = "github-attestations"

[tools.python."platforms.windows-x64"]
checksum = "sha256:1d948860b5ddeff67a6fece81cc3354f9144161968d2128186d4e1a3562a4e76"
url = "https://github.com/astral-sh/python-build-standalone/releases/download/20250317/cpython-3.13.2+20250317-x86_64-pc-windows-msvc-install_only_stripped.tar.gz"
provenance = "github-attestations"

[[tools.python]]
version = "3.14.5"
backend = "core:python"

[tools.python."platforms.linux-arm64"]
checksum = "sha256:1d3ea1b3cd9b8f3d53afb629e82e9bc8f6dab6cbb1a7d23524bd86ba5bc22570"
url = "https://github.com/astral-sh/python-build-standalone/releases/download/20260602/cpython-3.14.5+20260602-aarch64-unknown-linux-gnu-install_only_stripped.tar.gz"
provenance = "github-attestations"

[tools.python."platforms.linux-arm64-musl"]
checksum = "sha256:23dfd69917f1c693b7ce857f014a72da546c8132c277bb6ac98fdbe12334e221"
url = "https://github.com/astral-sh/python-build-standalone/releases/download/20260602/cpython-3.14.5+20260602-aarch64-unknown-linux-musl-install_only_stripped.tar.gz"
provenance = "github-attestations"

[tools.python."platforms.linux-x64"]
checksum = "sha256:982a60fc7f11bbe405ab54afcd4eb145f1134797bbbffac9f5c49df4ec98b13e"
url = "https://github.com/astral-sh/python-build-standalone/releases/download/20260602/cpython-3.14.5+20260602-x86_64-unknown-linux-gnu-install_only_stripped.tar.gz"
provenance = "github-attestations"

[tools.python."platforms.linux-x64-musl"]
checksum = "sha256:09fb97b20df0ed9336d39468007619b3458489c33fa4166b43155587b382f84a"
url = "https://github.com/astral-sh/python-build-standalone/releases/download/20260602/cpython-3.14.5+20260602-x86_64-unknown-linux-musl-install_only_stripped.tar.gz"
provenance = "github-attestations"

[tools.python."platforms.macos-arm64"]
checksum = "sha256:3a0373cc39fefd494754ef555267f245c720cddbaaabf63a7c9a4269f1e56532"
url = "https://github.com/astral-sh/python-build-standalone/releases/download/20260602/cpython-3.14.5+20260602-aarch64-apple-darwin-install_only_stripped.tar.gz"
provenance = "github-attestations"

[tools.python."platforms.macos-x64"]
checksum = "sha256:d44ff6ec301cabc91eb0c756b1948b28579fb07feba36aaf1990e535649d5ea6"
url = "https://github.com/astral-sh/python-build-standalone/releases/download/20260602/cpython-3.14.5+20260602-x86_64-apple-darwin-install_only_stripped.tar.gz"
provenance = "github-attestations"

[tools.python."platforms.windows-x64"]
checksum = "sha256:66b065143e538c07f069f764d831d8ffae95507907d4ca211304e6f3a056435c"
url = "https://github.com/astral-sh/python-build-standalone/releases/download/20260602/cpython-3.14.5+20260602-x86_64-pc-windows-msvc-install_only_stripped.tar.gz"
provenance = "github-attestations"

[[tools.ruff]]
version = "0.15.21"
backend = "aqua:astral-sh/ruff"

[tools.ruff."platforms.linux-arm64"]
checksum = "sha256:2ec7c0077431f96f74c3c72aea6505e902bc2ff47127653c8de1389ee30a3cb3"
url = "https://github.com/astral-sh/ruff/releases/download/0.15.21/ruff-aarch64-unknown-linux-musl.tar.gz"
url_api = "https://api.github.com/repos/astral-sh/ruff/releases/assets/471700003"
provenance = "github-attestations"

[tools.ruff."platforms.linux-arm64-musl"]
checksum = "sha256:2ec7c0077431f96f74c3c72aea6505e902bc2ff47127653c8de1389ee30a3cb3"
url = "https://github.com/astral-sh/ruff/releases/download/0.15.21/ruff-aarch64-unknown-linux-musl.tar.gz"
url_api = "https://api.github.com/repos/astral-sh/ruff/releases/assets/471700003"
provenance = "github-attestations"

[tools.ruff."platforms.linux-x64"]
checksum = "sha256:7e157ff9a2e13676118c587e6db0ec02d040e415b21014346d230e64789c0e78"
url = "https://github.com/astral-sh/ruff/releases/download/0.15.21/ruff-x86_64-unknown-linux-musl.tar.gz"
url_api = "https://api.github.com/repos/astral-sh/ruff/releases/assets/471700081"
provenance = "github-attestations"

[tools.ruff."platforms.linux-x64-musl"]
checksum = "sha256:7e157ff9a2e13676118c587e6db0ec02d040e415b21014346d230e64789c0e78"
url = "https://github.com/astral-sh/ruff/releases/download/0.15.21/ruff-x86_64-unknown-linux-musl.tar.gz"
url_api = "https://api.github.com/repos/astral-sh/ruff/releases/assets/471700081"
provenance = "github-attestations"

[tools.ruff."platforms.macos-arm64"]
checksum = "sha256:0452f9d5da6e8051d332cf21ae82a608d8e2cfeec5a71a46ffa9e50adbb2381d"
url = "https://github.com/astral-sh/ruff/releases/download/0.15.21/ruff-aarch64-apple-darwin.tar.gz"
url_api = "https://api.github.com/repos/astral-sh/ruff/releases/assets/471699864"
provenance = "github-attestations"

[tools.ruff."platforms.macos-x64"]
checksum = "sha256:7e6ff3bd585b5b7c47634c957ac84fb5806d3c7ab4ef0e5ec1c53ce272f489da"
url = "https://github.com/astral-sh/ruff/releases/download/0.15.21/ruff-x86_64-apple-darwin.tar.gz"
url_api = "https://api.github.com/repos/astral-sh/ruff/releases/assets/471700061"
provenance = "github-attestations"

[tools.ruff."platforms.windows-x64"]
checksum = "sha256:035c59abfd7bd1102e0b656f5771e6ae7a712a45ef54b5ab575541c7ff7d1eb0"
url = "https://github.com/astral-sh/ruff/releases/download/0.15.21/ruff-x86_64-pc-windows-msvc.zip"
url_api = "https://api.github.com/repos/astral-sh/ruff/releases/assets/471700068"
provenance = "github-attestations"

[[tools.ty]]
version = "0.0.60"
backend = "aqua:astral-sh/ty"

[tools.ty."platforms.linux-arm64"]
checksum = "sha256:4e3fbe73074b76e4cbe789714a2f04251a944934dde6c7df96c221dbf77034cd"
url = "https://github.com/astral-sh/ty/releases/download/0.0.60/ty-aarch64-unknown-linux-musl.tar.gz"
url_api = "https://api.github.com/repos/astral-sh/ty/releases/assets/479042016"
provenance = "github-attestations"

[tools.ty."platforms.linux-arm64-musl"]
checksum = "sha256:4e3fbe73074b76e4cbe789714a2f04251a944934dde6c7df96c221dbf77034cd"
url = "https://github.com/astral-sh/ty/releases/download/0.0.60/ty-aarch64-unknown-linux-musl.tar.gz"
url_api = "https://api.github.com/repos/astral-sh/ty/releases/assets/479042016"
provenance = "github-attestations"

[tools.ty."platforms.linux-x64"]
checksum = "sha256:61073f1cd39200fb85ff59303b22194255ab599755b10bfd4888faf8d6a5f932"
url = "https://github.com/astral-sh/ty/releases/download/0.0.60/ty-x86_64-unknown-linux-musl.tar.gz"
url_api = "https://api.github.com/repos/astral-sh/ty/releases/assets/479042072"
provenance = "github-attestations"

[tools.ty."platforms.linux-x64-musl"]
checksum = "sha256:61073f1cd39200fb85ff59303b22194255ab599755b10bfd4888faf8d6a5f932"
url = "https://github.com/astral-sh/ty/releases/download/0.0.60/ty-x86_64-unknown-linux-musl.tar.gz"
url_api = "https://api.github.com/repos/astral-sh/ty/releases/assets/479042072"
provenance = "github-attestations"

[tools.ty."platforms.macos-arm64"]
checksum = "sha256:44ed71341fa3b44fe081941d6c3a7735749476ddbbcdba08cfe9373cdd6a7bf8"
url = "https://github.com/astral-sh/ty/releases/download/0.0.60/ty-aarch64-apple-darwin.tar.gz"
url_api = "https://api.github.com/repos/astral-sh/ty/releases/assets/479042002"
provenance = "github-attestations"

[tools.ty."platforms.macos-x64"]
checksum = "sha256:0d264097b528e813b15172647d2b7ee49d8a9e2c0159eac909b3950d182b24d7"
url = "https://github.com/astral-sh/ty/releases/download/0.0.60/ty-x86_64-apple-darwin.tar.gz"
url_api = "https://api.github.com/repos/astral-sh/ty/releases/assets/479042062"
provenance = "github-attestations"

[tools.ty."platforms.windows-x64"]
checksum = "sha256:5fa3e3368a6f70eb13a6c090c404c70330691f283b97ec19994fa285d026f84f"
url = "https://github.com/astral-sh/ty/releases/download/0.0.60/ty-x86_64-pc-windows-msvc.zip"
url_api = "https://api.github.com/repos/astral-sh/ty/releases/assets/479042063"
provenance = "github-attestations"

[[tools.uv]]
version = "0.11.29"
backend = "aqua:astral-sh/uv"

[tools.uv."platforms.linux-arm64"]
checksum = "sha256:593d79a797ece3f1dfaaf3e0a973263422a135d9262c7dbc6cd75d9c11acc0b4"
url = "https://github.com/astral-sh/uv/releases/download/0.11.29/uv-aarch64-unknown-linux-musl.tar.gz"
url_api = "https://api.github.com/repos/astral-sh/uv/releases/assets/478261262"
provenance = "github-attestations"

[tools.uv."platforms.linux-arm64-musl"]
checksum = "sha256:593d79a797ece3f1dfaaf3e0a973263422a135d9262c7dbc6cd75d9c11acc0b4"
url = "https://github.com/astral-sh/uv/releases/download/0.11.29/uv-aarch64-unknown-linux-musl.tar.gz"
url_api = "https://api.github.com/repos/astral-sh/uv/releases/assets/478261262"
provenance = "github-attestations"

[tools.uv."platforms.linux-x64"]
checksum = "sha256:46711858adb2a3acaa9cee00f9060688ad1fd5706aecc005b96a6a7f285a00b7"
url = "https://github.com/astral-sh/uv/releases/download/0.11.29/uv-x86_64-unknown-linux-musl.tar.gz"
url_api = "https://api.github.com/repos/astral-sh/uv/releases/assets/478261352"
provenance = "github-attestations"

[tools.uv."platforms.linux-x64-musl"]
checksum = "sha256:46711858adb2a3acaa9cee00f9060688ad1fd5706aecc005b96a6a7f285a00b7"
url = "https://github.com/astral-sh/uv/releases/download/0.11.29/uv-x86_64-unknown-linux-musl.tar.gz"
url_api = "https://api.github.com/repos/astral-sh/uv/releases/assets/478261352"
provenance = "github-attestations"

[tools.uv."platforms.macos-arm64"]
checksum = "sha256:61c04acc52a33ef0f331e494bdfbedcdb6c26c6970c022ed3699e5860f8930e3"
url = "https://github.com/astral-sh/uv/releases/download/0.11.29/uv-aarch64-apple-darwin.tar.gz"
url_api = "https://api.github.com/repos/astral-sh/uv/releases/assets/478261245"
provenance = "github-attestations"

[tools.uv."platforms.macos-x64"]
checksum = "sha256:c4c4de482da9ccdd076dc4fb5cfe7b740609029385c72f58606be3153602387d"
url = "https://github.com/astral-sh/uv/releases/download/0.11.29/uv-x86_64-apple-darwin.tar.gz"
url_api = "https://api.github.com/repos/astral-sh/uv/releases/assets/478261331"
provenance = "github-attestations"

[tools.uv."platforms.windows-x64"]
checksum = "sha256:a047d55651bc3e0ca24595b25ec4cfcb10f9dca9fb56514e661269b37d4fae68"
url = "https://github.com/astral-sh/uv/releases/download/0.11.29/uv-x86_64-pc-windows-msvc.zip"
url_api = "https://api.github.com/repos/astral-sh/uv/releases/assets/478261333"
provenance = "github-attestations"
