[[package]]
category = "dev"
description = "A small Python module for determining appropriate platform-specific dirs, e.g. a \"user data dir\"."
marker = "python_version >= \"3.6\" and python_version < \"4.0\""
name = "appdirs"
optional = false
python-versions = "*"
version = "1.4.3"

[[package]]
category = "dev"
description = "A few extensions to pyyaml."
name = "aspy.yaml"
optional = false
python-versions = ">=2.7, !=3.0.*, !=3.1.*, !=3.2.*, !=3.3.*"
version = "1.2.0"

[package.dependencies]
pyyaml = "*"

[[package]]
category = "dev"
description = "Atomic file writes."
name = "atomicwrites"
optional = false
python-versions = ">=2.7, !=3.0.*, !=3.1.*, !=3.2.*, !=3.3.*"
version = "1.3.0"

[[package]]
category = "main"
description = "Classes Without Boilerplate"
name = "attrs"
optional = false
python-versions = ">=2.7, !=3.0.*, !=3.1.*, !=3.2.*, !=3.3.*"
version = "19.1.0"

[[package]]
category = "dev"
description = "backports.functools_lru_cache"
marker = "python_version < \"3.2\""
name = "backports.functools-lru-cache"
optional = false
python-versions = ">=2.6"
version = "1.5"

[[package]]
category = "dev"
description = "The uncompromising code formatter."
marker = "python_version >= \"3.6\" and python_version < \"4.0\""
name = "black"
optional = false
python-versions = ">=3.6"
version = "18.9b0"

[package.dependencies]
appdirs = "*"
attrs = ">=17.4.0"
click = ">=6.5"
toml = ">=0.9.4"

[[package]]
category = "dev"
description = "httplib2 caching for requests"
name = "cachecontrol"
optional = false
python-versions = ">=2.7, !=3.0.*, !=3.1.*, !=3.2.*, !=3.3.*"
version = "0.12.5"

[package.dependencies]
msgpack = "*"
requests = "*"

[[package]]
category = "dev"
description = "Cachy provides a simple yet effective caching library."
name = "cachy"
optional = false
python-versions = ">=2.7, !=3.0.*, !=3.1.*, !=3.2.*, !=3.3.*"
version = "0.2.0"

[[package]]
category = "dev"
description = "Python package for providing Mozilla's CA Bundle."
name = "certifi"
optional = false
python-versions = "*"
version = "2019.3.9"

[[package]]
category = "dev"
description = "Validate configuration and produce human readable error messages."
name = "cfgv"
optional = false
python-versions = ">=2.7, !=3.0.*, !=3.1.*, !=3.2.*, !=3.3.*"
version = "1.6.0"

[package.dependencies]
six = "*"

[[package]]
category = "dev"
description = "Universal encoding detector for Python 2 and 3"
name = "chardet"
optional = false
python-versions = "*"
version = "3.0.4"

[[package]]
category = "dev"
description = "Cleo allows you to create beautiful and testable command-line interfaces."
name = "cleo"
optional = false
python-versions = ">=2.7, !=3.0.*, !=3.1.*, !=3.2.*, !=3.3.*"
version = "0.6.8"

[package.dependencies]
pastel = ">=0.1.0,<0.2.0"
pylev = ">=1.3,<2.0"

[[package]]
category = "dev"
description = "Composable command line interface toolkit"
marker = "python_version >= \"3.6\" and python_version < \"4.0\""
name = "click"
optional = false
python-versions = ">=2.7, !=3.0.*, !=3.1.*, !=3.2.*, !=3.3.*"
version = "7.0"

[[package]]
category = "dev"
description = "Cross-platform colored terminal text."
marker = "sys_platform == \"win32\""
name = "colorama"
optional = false
python-versions = ">=2.7, !=3.0.*, !=3.1.*, !=3.2.*, !=3.3.*"
version = "0.4.1"

[[package]]
category = "dev"
description = "Updated configparser from Python 3.7 for Python 2.6+."
marker = "python_version < \"3.2\""
name = "configparser"
optional = false
python-versions = ">=2.6"
version = "3.7.4"

[[package]]
category = "dev"
description = "Backports and enhancements for the contextlib module"
marker = "python_version < \"3\""
name = "contextlib2"
optional = false
python-versions = "*"
version = "0.5.5"

[[package]]
category = "dev"
description = "Code coverage measurement for Python"
name = "coverage"
optional = false
python-versions = ">=2.6, !=3.0.*, !=3.1.*, !=3.2.*, <4"
version = "4.5.3"

[[package]]
category = "main"
description = "A high-level Python Web framework that encourages rapid development and clean, pragmatic design."
marker = "python_version >= \"2.7\" and python_version < \"2.8\""
name = "django"
optional = false
python-versions = "*"
version = "1.11.20"

[package.dependencies]
pytz = "*"

[[package]]
category = "main"
description = "A high-level Python Web framework that encourages rapid development and clean, pragmatic design."
marker = "python_version >= \"3.5\" and python_version < \"4.0\""
name = "django"
optional = false
python-versions = ">=3.5"
version = "2.2.1"

[package.dependencies]
pytz = "*"
sqlparse = "*"

[[package]]
category = "dev"
description = "Discover and load entry points from installed packages."
name = "entrypoints"
optional = false
python-versions = ">=2.7"
version = "0.3"

[package.dependencies]
[package.dependencies.configparser]
python = ">=2.7,<2.8"
version = ">=3.5"

[[package]]
category = "dev"
description = "Python 3.4 Enum backported to 3.3, 3.2, 3.1, 2.7, 2.6, 2.5, and 2.4"
marker = "python_version >= \"2.7\" and python_version < \"2.8\" or python_version < \"3.4\""
name = "enum34"
optional = false
python-versions = "*"
version = "1.1.6"

[[package]]
category = "dev"
description = "Faker is a Python package that generates fake data for you."
name = "faker"
optional = false
python-versions = ">=2.7, !=3.0.*, !=3.1.*, !=3.2.*, !=3.3.*"
version = "1.0.7"

[package.dependencies]
python-dateutil = ">=2.4"
six = ">=1.10"
text-unidecode = "1.2"

[package.dependencies.ipaddress]
python = "<3.3"
version = "*"

[[package]]
category = "dev"
description = "Web-related Provider for the Faker Python package."
name = "faker-web"
optional = false
python-versions = "*"
version = "0.3.1"

[package.dependencies]
faker = "*"

[[package]]
category = "dev"
description = "A platform independent file lock."
name = "filelock"
optional = false
python-versions = "*"
version = "3.0.10"

[[package]]
category = "dev"
description = "the modular source code checker: pep8, pyflakes and co"
name = "flake8"
optional = false
python-versions = ">=2.7, !=3.0.*, !=3.1.*, !=3.2.*, !=3.3.*"
version = "3.7.7"

[package.dependencies]
entrypoints = ">=0.3.0,<0.4.0"
mccabe = ">=0.6.0,<0.7.0"
pycodestyle = ">=2.5.0,<2.6.0"
pyflakes = ">=2.1.0,<2.2.0"

[package.dependencies.configparser]
python = "<3.2"
version = "*"

[package.dependencies.enum34]
python = "<3.4"
version = "*"

[package.dependencies.functools32]
python = "<3.2"
version = "*"

[package.dependencies.typing]
python = "<3.5"
version = "*"

[[package]]
category = "dev"
description = "flake8 plugin to call black as a code style validator"
marker = "python_version >= \"3.6\" and python_version < \"4.0\""
name = "flake8-black"
optional = false
python-versions = "*"
version = "0.0.4"

[package.dependencies]
black = "*"
flake8 = ">=3.0.0"

[[package]]
category = "dev"
description = "A plugin for flake8 finding likely bugs and design problems in your program. Contains warnings that don't belong in pyflakes and pycodestyle."
marker = "python_version >= \"3.5\" and python_version < \"4.0\""
name = "flake8-bugbear"
optional = false
python-versions = ">=3.5"
version = "19.3.0"

[package.dependencies]
attrs = "*"
flake8 = ">=3.0.0"

[[package]]
category = "dev"
description = "flake8 plugin that integrates isort ."
name = "flake8-isort"
optional = false
python-versions = "*"
version = "2.7.0"

[package.dependencies]
flake8 = ">=3.2.1"
isort = ">=4.3.0"
testfixtures = "*"

[[package]]
category = "dev"
description = "Python function signatures from PEP362 for Python 2.6, 2.7 and 3.2+"
marker = "python_version < \"3.0\""
name = "funcsigs"
optional = false
python-versions = "*"
version = "1.0.2"

[[package]]
category = "dev"
description = "Backport of the functools module from Python 3.2.3 for use on 2.7 and PyPy."
marker = "python_version >= \"2.7\" and python_version < \"2.8\" or python_version < \"3.2\""
name = "functools32"
optional = false
python-versions = "*"
version = "3.2.3-2"

[[package]]
category = "dev"
description = "Backport of the concurrent.futures package from Python 3"
marker = "python_version < \"3.2\""
name = "futures"
optional = false
python-versions = ">=2.6, <3"
version = "3.2.0"

[[package]]
category = "dev"
description = "Version of the glob module that can capture patterns and supports recursive wildcards"
marker = "python_version >= \"2.7\" and python_version < \"2.8\" or python_version >= \"3.4\" and python_version < \"3.5\""
name = "glob2"
optional = false
python-versions = "*"
version = "0.6"

[[package]]
category = "dev"
description = "HTML parser based on the WHATWG HTML specification"
name = "html5lib"
optional = false
python-versions = "*"
version = "1.0.1"

[package.dependencies]
six = ">=1.9"
webencodings = "*"

[[package]]
category = "dev"
description = "File identification library for Python"
name = "identify"
optional = false
python-versions = ">=2.7, !=3.0.*, !=3.1.*, !=3.2.*, !=3.3.*"
version = "1.4.3"

[[package]]
category = "dev"
description = "Internationalized Domain Names in Applications (IDNA)"
name = "idna"
optional = false
python-versions = ">=2.7, !=3.0.*, !=3.1.*, !=3.2.*, !=3.3.*"
version = "2.8"

[[package]]
category = "dev"
description = "Read metadata from Python packages"
name = "importlib-metadata"
optional = false
python-versions = ">=2.7,!=3.0,!=3.1,!=3.2,!=3.3"
version = "0.11"

[package.dependencies]
zipp = ">=0.5"

[package.dependencies.configparser]
python = "<3"
version = "*"

[package.dependencies.contextlib2]
python = "<3"
version = "*"

[[package]]
category = "dev"
description = "Read resources from Python packages"
marker = "python_version < \"3.7\""
name = "importlib-resources"
optional = false
python-versions = ">=2.7,!=3.0,!=3.1,!=3.2,!=3.3"
version = "1.0.2"

[package.dependencies]
[package.dependencies.pathlib2]
python = "<3"
version = "*"

[package.dependencies.typing]
python = "<3.5"
version = "*"

[[package]]
category = "dev"
description = "IPv4/IPv6 manipulation library"
marker = "python_version < \"3.3\""
name = "ipaddress"
optional = false
python-versions = "*"
version = "1.0.22"

[[package]]
category = "dev"
description = "A Python utility / library to sort Python imports."
name = "isort"
optional = false
python-versions = ">=2.7, !=3.0.*, !=3.1.*, !=3.2.*, !=3.3.*"
version = "4.3.18"

[package.dependencies]
[package.dependencies."backports.functools-lru-cache"]
python = "<3.2"
version = "*"

[package.dependencies.futures]
python = "<3.2"
version = "*"

[[package]]
category = "dev"
description = "An implementation of JSON Schema validation for Python"
name = "jsonschema"
optional = false
python-versions = "*"
version = "3.0.1"

[package.dependencies]
attrs = ">=17.4.0"
pyrsistent = ">=0.14.0"
setuptools = "*"
six = ">=1.11.0"

[package.dependencies.functools32]
python = "<3"
version = "*"

[[package]]
category = "main"
description = "Powerful and Pythonic XML processing library combining libxml2/libxslt with the ElementTree API."
name = "lxml"
optional = false
python-versions = "*"
version = "4.3.3"

[[package]]
category = "dev"
description = "McCabe checker, plugin for flake8"
name = "mccabe"
optional = false
python-versions = "*"
version = "0.6.1"

[[package]]
category = "dev"
description = "Rolling backport of unittest.mock for all Pythons"
marker = "python_version < \"3.0\""
name = "mock"
optional = false
python-versions = ">=2.7, !=3.0.*, !=3.1.*, !=3.2.*, !=3.3.*"
version = "3.0.5"

[package.dependencies]
six = "*"

[package.dependencies.funcsigs]
python = "<3.3"
version = ">=1"

[[package]]
category = "dev"
description = "More routines for operating on iterables, beyond itertools"
marker = "python_version <= \"2.7\""
name = "more-itertools"
optional = false
python-versions = "*"
version = "5.0.0"

[package.dependencies]
six = ">=1.0.0,<2.0.0"

[[package]]
category = "dev"
description = "More routines for operating on iterables, beyond itertools"
marker = "python_version > \"2.7\""
name = "more-itertools"
optional = false
python-versions = ">=3.4"
version = "7.0.0"

[[package]]
category = "dev"
description = "MessagePack (de)serializer."
name = "msgpack"
optional = false
python-versions = "*"
version = "0.6.1"

[[package]]
category = "dev"
description = "Node.js virtual environment builder"
name = "nodeenv"
optional = false
python-versions = "*"
version = "1.3.3"

[[package]]
category = "dev"
description = "Bring colors to your terminal."
name = "pastel"
optional = false
python-versions = "*"
version = "0.1.0"

[[package]]
category = "dev"
description = "Object-oriented filesystem paths"
marker = "python_version >= \"2.7\" and python_version < \"2.8\" or python_version >= \"3.4\" and python_version < \"3.5\" or python_version < \"3.6\""
name = "pathlib2"
optional = false
python-versions = "*"
version = "2.3.3"

[package.dependencies]
six = "*"

[package.dependencies.scandir]
python = "<3.5"
version = "*"

[[package]]
category = "dev"
description = "Query metadatdata from sdists / bdists / installed packages."
name = "pkginfo"
optional = false
python-versions = "*"
version = "1.5.0.1"

[[package]]
category = "dev"
description = "plugin and hook calling mechanisms for python"
name = "pluggy"
optional = false
python-versions = ">=2.7, !=3.0.*, !=3.1.*, !=3.2.*, !=3.3.*"
version = "0.11.0"

[[package]]
category = "dev"
description = "Python dependency management and packaging made easy."
name = "poetry"
optional = false
python-versions = ">=2.7, !=3.0.*, !=3.1.*, !=3.2.*, !=3.3.*"
version = "0.12.15"

[package.dependencies]
cachecontrol = ">=0.12.4,<0.13.0"
cachy = ">=0.2,<0.3"
cleo = ">=0.6.7,<0.7.0"
html5lib = ">=1.0,<2.0"
jsonschema = ">=3.0a3,<4.0"
pkginfo = ">=1.4,<2.0"
pyparsing = ">=2.2,<3.0"
pyrsistent = ">=0.14.2,<0.15.0"
requests = ">=2.18,<3.0"
requests-toolbelt = ">=0.8.0,<0.9.0"
shellingham = ">=1.1,<2.0"
tomlkit = ">=0.5.1,<0.6.0"

[package.dependencies.functools32]
python = ">=2.7,<2.8"
version = ">=3.2.3,<4.0.0"

[package.dependencies.glob2]
python = ">=2.7,<2.8 || >=3.4,<3.5"
version = ">=0.6,<0.7"

[package.dependencies.pathlib2]
python = ">=2.7,<2.8 || >=3.4,<3.5"
version = ">=2.3,<3.0"

[package.dependencies.typing]
python = ">=2.7,<2.8 || >=3.4,<3.5"
version = ">=3.6,<4.0"

[package.dependencies.virtualenv]
python = ">=2.7,<2.8"
version = ">=16.0,<17.0"

[[package]]
category = "dev"
description = "A framework for managing and maintaining multi-language pre-commit hooks."
name = "pre-commit"
optional = false
python-versions = ">=2.7, !=3.0.*, !=3.1.*, !=3.2.*, !=3.3.*"
version = "1.16.1"

[package.dependencies]
"aspy.yaml" = "*"
cfgv = ">=1.4.0"
identify = ">=1.0.0"
importlib-metadata = "*"
nodeenv = ">=0.11.1"
pyyaml = "*"
six = "*"
toml = "*"
virtualenv = ">=15.2"

[package.dependencies.futures]
python = "<3.2"
version = "*"

[package.dependencies.importlib-resources]
python = "<3.7"
version = "*"

[[package]]
category = "dev"
description = "library with cross-python path, ini-parsing, io, code, log facilities"
name = "py"
optional = false
python-versions = ">=2.7, !=3.0.*, !=3.1.*, !=3.2.*, !=3.3.*"
version = "1.8.0"

[[package]]
category = "dev"
description = "Python style guide checker"
name = "pycodestyle"
optional = false
python-versions = ">=2.7, !=3.0.*, !=3.1.*, !=3.2.*, !=3.3.*"
version = "2.5.0"

[[package]]
category = "dev"
description = "passive checker of Python programs"
name = "pyflakes"
optional = false
python-versions = ">=2.7, !=3.0.*, !=3.1.*, !=3.2.*, !=3.3.*"
version = "2.1.1"

[[package]]
category = "dev"
description = "A pure Python Levenshtein implementation that's not freaking GPL'd."
name = "pylev"
optional = false
python-versions = "*"
version = "1.3.0"

[[package]]
category = "dev"
description = "Python parsing module"
name = "pyparsing"
optional = false
python-versions = ">=2.6, !=3.0.*, !=3.1.*, !=3.2.*"
version = "2.4.0"

[[package]]
category = "dev"
description = "Persistent/Functional/Immutable data structures"
name = "pyrsistent"
optional = false
python-versions = "*"
version = "0.14.11"

[package.dependencies]
six = "*"

[[package]]
category = "dev"
description = "pytest: simple powerful testing with Python"
name = "pytest"
optional = false
python-versions = ">=2.7, !=3.0.*, !=3.1.*, !=3.2.*, !=3.3.*"
version = "4.5.0"

[package.dependencies]
atomicwrites = ">=1.0"
attrs = ">=17.4.0"
colorama = "*"
pluggy = ">=0.9,<0.10 || >0.10,<1.0"
py = ">=1.5.0"
setuptools = "*"
six = ">=1.10.0"
wcwidth = "*"

[[package.dependencies.more-itertools]]
python = "<2.8"
version = ">=4.0.0,<6.0.0"

[[package.dependencies.more-itertools]]
python = ">=2.8"
version = ">=4.0.0"

[package.dependencies.funcsigs]
python = "<3.0"
version = ">=1.0"

[package.dependencies.pathlib2]
python = "<3.6"
version = ">=2.2.0"

[[package]]
category = "dev"
description = "Pytest plugin for measuring coverage."
name = "pytest-cov"
optional = false
python-versions = ">=2.7, !=3.0.*, !=3.1.*, !=3.2.*, !=3.3.*"
version = "2.7.1"

[package.dependencies]
coverage = ">=4.4"
pytest = ">=3.6"

[[package]]
category = "dev"
description = "A Django plugin for pytest."
name = "pytest-django"
optional = false
python-versions = ">=2.7, !=3.0.*, !=3.1.*, !=3.2.*, !=3.3.*"
version = "3.4.8"

[package.dependencies]
pytest = ">=3.6"

[package.dependencies.pathlib2]
python = "<3.4"
version = "*"

[[package]]
category = "dev"
description = "Thin-wrapper around the mock package for easier use with py.test"
name = "pytest-mock"
optional = false
python-versions = ">=2.7, !=3.0.*, !=3.1.*, !=3.2.*, !=3.3.*"
version = "1.10.4"

[package.dependencies]
pytest = ">=2.7"

[package.dependencies.mock]
python = "<3.0"
version = "*"

[[package]]
category = "dev"
description = "Invoke py.test as distutils command with dependency resolution"
name = "pytest-runner"
optional = false
python-versions = ">=2.7,!=3.0,!=3.1"
version = "4.4"

[[package]]
category = "dev"
description = "Extensions to the standard Python datetime module"
name = "python-dateutil"
optional = false
python-versions = ">=2.7, !=3.0.*, !=3.1.*, !=3.2.*"
version = "2.8.0"

[package.dependencies]
six = ">=1.5"

[[package]]
category = "main"
description = "World timezone definitions, modern and historical"
marker = "python_version >= \"2.7\" and python_version < \"2.8\" or python_version >= \"3.5\" and python_version < \"4.0\""
name = "pytz"
optional = false
python-versions = "*"
version = "2019.1"

[[package]]
category = "dev"
description = "YAML parser and emitter for Python"
name = "pyyaml"
optional = false
python-versions = "*"
version = "5.1"

[[package]]
category = "dev"
description = "Python HTTP for Humans."
name = "requests"
optional = false
python-versions = ">=2.7, !=3.0.*, !=3.1.*, !=3.2.*, !=3.3.*"
version = "2.21.0"

[package.dependencies]
certifi = ">=2017.4.17"
chardet = ">=3.0.2,<3.1.0"
idna = ">=2.5,<2.9"
urllib3 = ">=1.21.1,<1.25"

[[package]]
category = "dev"
description = "A utility belt for advanced users of python-requests"
name = "requests-toolbelt"
optional = false
python-versions = "*"
version = "0.8.0"

[package.dependencies]
requests = ">=2.0.1,<3.0.0"

[[package]]
category = "dev"
description = "scandir, a better directory iterator and faster os.walk()"
marker = "python_version >= \"2.7\" and python_version < \"2.8\" or python_version >= \"3.4\" and python_version < \"3.5\" or python_version < \"3.5\""
name = "scandir"
optional = false
python-versions = "*"
version = "1.10.0"

[[package]]
category = "dev"
description = "Tool to Detect Surrounding Shell"
name = "shellingham"
optional = false
python-versions = ">=2.6,!=3.0,!=3.1,!=3.2,!=3.3"
version = "1.3.1"

[[package]]
category = "dev"
description = "Python 2 and 3 compatibility utilities"
name = "six"
optional = false
python-versions = ">=2.6, !=3.0.*, !=3.1.*"
version = "1.12.0"

[[package]]
category = "main"
description = "Non-validating SQL parser"
marker = "python_version >= \"3.5\" and python_version < \"4.0\""
name = "sqlparse"
optional = false
python-versions = ">=2.7, !=3.0.*, !=3.1.*, !=3.2.*, !=3.3.*"
version = "0.3.0"

[[package]]
category = "dev"
description = "A collection of helpers and mock objects for unit tests and doc tests."
name = "testfixtures"
optional = false
python-versions = "*"
version = "6.8.2"

[[package]]
category = "dev"
description = "The most basic Text::Unidecode port"
name = "text-unidecode"
optional = false
python-versions = "*"
version = "1.2"

[[package]]
category = "dev"
description = "Python Library for Tom's Obvious, Minimal Language"
name = "toml"
optional = false
python-versions = "*"
version = "0.10.0"

[[package]]
category = "dev"
description = "Style preserving TOML library"
name = "tomlkit"
optional = false
python-versions = ">=2.7, !=3.0.*, !=3.1.*, !=3.2.*, !=3.3.*"
version = "0.5.3"

[package.dependencies]
[package.dependencies.enum34]
python = ">=2.7,<2.8"
version = ">=1.1,<2.0"

[package.dependencies.functools32]
python = ">=2.7,<2.8"
version = ">=3.2.3,<4.0.0"

[package.dependencies.typing]
python = ">=2.7,<2.8 || >=3.4,<3.5"
version = ">=3.6,<4.0"

[[package]]
category = "dev"
description = "tox is a generic virtualenv management and test command line tool"
name = "tox"
optional = false
python-versions = ">=2.7, !=3.0.*, !=3.1.*, !=3.2.*, !=3.3.*"
version = "3.9.0"

[package.dependencies]
filelock = ">=3.0.0,<4"
pluggy = ">=0.3.0,<1"
py = ">=1.4.17,<2"
setuptools = ">=30.0.0"
six = ">=1.0.0,<2"
toml = ">=0.9.4"
virtualenv = ">=1.11.2"

[[package]]
category = "dev"
description = "Type Hints for Python"
marker = "python_version >= \"2.7\" and python_version < \"2.8\" or python_version >= \"3.4\" and python_version < \"3.5\" or python_version < \"3.5\""
name = "typing"
optional = false
python-versions = "*"
version = "3.6.6"

[[package]]
category = "dev"
description = "HTTP library with thread-safe connection pooling, file post, and more."
name = "urllib3"
optional = false
python-versions = ">=2.7, !=3.0.*, !=3.1.*, !=3.2.*, !=3.3.*, <4"
version = "1.24.3"

[[package]]
category = "dev"
description = "Virtual Python Environment builder"
name = "virtualenv"
optional = false
python-versions = ">=2.7, !=3.0.*, !=3.1.*, !=3.2.*, !=3.3.*"
version = "16.5.0"

[[package]]
category = "dev"
description = "Measures number of Terminal column cells of wide-character codes"
name = "wcwidth"
optional = false
python-versions = "*"
version = "0.1.7"

[[package]]
category = "dev"
description = "Character encoding aliases for legacy web content"
name = "webencodings"
optional = false
python-versions = "*"
version = "0.5.1"

[[package]]
category = "dev"
description = "Pathlib-compatible object wrapper for zip files"
name = "zipp"
optional = false
python-versions = ">=2.7"
version = "0.5.0"

[metadata]
content-hash = "46250db73b1b79a54ffd305777deaa8715d9ac8684f80805913e25bdd036a1b0"
python-versions = "^2.7.9 || ^3.5"

[metadata.hashes]
appdirs = ["9e5896d1372858f8dd3344faf4e5014d21849c756c8d5701f78f8a103b372d92", "d8b24664561d0d34ddfaec54636d502d7cea6e29c3eaf68f3df6180863e2166e"]
"aspy.yaml" = ["ae249074803e8b957c83fdd82a99160d0d6d26dff9ba81ba608b42eebd7d8cd3", "c7390d79f58eb9157406966201abf26da0d56c07e0ff0deadc39c8f4dbc13482"]
atomicwrites = ["03472c30eb2c5d1ba9227e4c2ca66ab8287fbfbbda3888aa93dc2e28fc6811b4", "75a9445bac02d8d058d5e1fe689654ba5a6556a1dfd8ce6ec55a0ed79866cfa6"]
attrs = ["69c0dbf2ed392de1cb5ec704444b08a5ef81680a61cb899dc08127123af36a79", "f0b870f674851ecbfbbbd364d6b5cbdff9dcedbc7f3f5e18a6891057f21fe399"]
"backports.functools-lru-cache" = ["9d98697f088eb1b0fa451391f91afb5e3ebde16bbdb272819fd091151fda4f1a", "f0b0e4eba956de51238e17573b7087e852dfe9854afd2e9c873f73fc0ca0a6dd"]
black = ["817243426042db1d36617910df579a54f1afd659adb96fc5032fcf4b36209739", "e030a9a28f542debc08acceb273f228ac422798e5215ba2a791a6ddeaaca22a5"]
cachecontrol = ["cef77effdf51b43178f6a2d3b787e3734f98ade253fa3187f3bb7315aaa42ff7"]
cachy = ["b71513e5a38ce90c1280c02b7d8d6bb3fdf64666c9cc0584f2479afea097d56c", "b71e8e7ddb5b386e23e81befdfac8a93885406139b8681bedc17b3444fcb8fca"]
certifi = ["59b7658e26ca9c7339e00f8f4636cdfe59d34fa37b9b04f6f9e9926b3cece1a5", "b26104d6835d1f5e49452a26eb2ff87fe7090b89dfcaee5ea2212697e1e1d7ae"]
cfgv = ["6e9f2feea5e84bc71e56abd703140d7a2c250fc5ba38b8702fd6a68ed4e3b2ef", "e7f186d4a36c099a9e20b04ac3108bd8bb9b9257e692ce18c8c3764d5cb12172"]
chardet = ["84ab92ed1c4d4f16916e05906b6b75a6c0fb5db821cc65e70cbd64a3e2a5eaae", "fc323ffcaeaed0e0a02bf4d117757b98aed530d9ed4531e3e15460124c106691"]
cleo = ["85a63076b72ca376fb06668be1fc7758dc16740b394783d5cc65200c4b32f71b", "9b7f79f1aa470a025c0d28c76aa225ee9e65028d32f80032e871aa3500df61b8"]
click = ["2335065e6395b9e67ca716de5f7526736bfa6ceead690adf616d925bdc622b13", "5b94b49521f6456670fdb30cd82a4eca9412788a93fa6dd6df72c94d5a8ff2d7"]
colorama = ["05eed71e2e327246ad6b38c540c4a3117230b19679b875190486ddd2d721422d", "f8ac84de7840f5b9c4e3347b3c1eaa50f7e49c2b07596221daec5edaabbd7c48"]
configparser = ["8be81d89d6e7b4c0d4e44bcc525845f6da25821de80cb5e06e7e0238a2899e32", "da60d0014fd8c55eb48c1c5354352e363e2d30bbf7057e5e171a468390184c75"]
contextlib2 = ["509f9419ee91cdd00ba34443217d5ca51f5a364a404e1dce9e8979cea969ca48", "f5260a6e679d2ff42ec91ec5252f4eeffdcf21053db9113bd0a8e4d953769c00"]
coverage = ["0c5fe441b9cfdab64719f24e9684502a59432df7570521563d7b1aff27ac755f", "2b412abc4c7d6e019ce7c27cbc229783035eef6d5401695dccba80f481be4eb3", "3684fabf6b87a369017756b551cef29e505cb155ddb892a7a29277b978da88b9", "39e088da9b284f1bd17c750ac672103779f7954ce6125fd4382134ac8d152d74", "3c205bc11cc4fcc57b761c2da73b9b72a59f8d5ca89979afb0c1c6f9e53c7390", "42692db854d13c6c5e9541b6ffe0fe921fe16c9c446358d642ccae1462582d3b", "465ce53a8c0f3a7950dfb836438442f833cf6663d407f37d8c52fe7b6e56d7e8", "48020e343fc40f72a442c8a1334284620f81295256a6b6ca6d8aa1350c763bbe", "4ec30ade438d1711562f3786bea33a9da6107414aed60a5daa974d50a8c2c351", "5296fc86ab612ec12394565c500b412a43b328b3907c0d14358950d06fd83baf", "5f61bed2f7d9b6a9ab935150a6b23d7f84b8055524e7be7715b6513f3328138e", "6899797ac384b239ce1926f3cb86ffc19996f6fa3a1efbb23cb49e0c12d8c18c", "68a43a9f9f83693ce0414d17e019daee7ab3f7113a70c79a3dd4c2f704e4d741", "6b8033d47fe22506856fe450470ccb1d8ba1ffb8463494a15cfc96392a288c09", "7ad7536066b28863e5835e8cfeaa794b7fe352d99a8cded9f43d1161be8e9fbd", "7bacb89ccf4bedb30b277e96e4cc68cd1369ca6841bde7b005191b54d3dd1034", "839dc7c36501254e14331bcb98b27002aa415e4af7ea039d9009409b9d2d5420", "8e679d1bde5e2de4a909efb071f14b472a678b788904440779d2c449c0355b27", "8f9a95b66969cdea53ec992ecea5406c5bd99c9221f539bca1e8406b200ae98c", "932c03d2d565f75961ba1d3cec41ddde00e162c5b46d03f7423edcb807734eab", "93f965415cc51604f571e491f280cff0f5be35895b4eb5e55b47ae90c02a497b", "988529edadc49039d205e0aa6ce049c5ccda4acb2d6c3c5c550c17e8c02c05ba", "998d7e73548fe395eeb294495a04d38942edb66d1fa61eb70418871bc621227e", "9de60893fb447d1e797f6bf08fdf0dbcda0c1e34c1b06c92bd3a363c0ea8c609", "9e80d45d0c7fcee54e22771db7f1b0b126fb4a6c0a2e5afa72f66827207ff2f2", "a545a3dfe5082dc8e8c3eb7f8a2cf4f2870902ff1860bd99b6198cfd1f9d1f49", "a5d8f29e5ec661143621a8f4de51adfb300d7a476224156a39a392254f70687b", "a9abc8c480e103dc05d9b332c6cc9fb1586330356fc14f1aa9c0ca5745097d19", "aca06bfba4759bbdb09bf52ebb15ae20268ee1f6747417837926fae990ebc41d", "bb23b7a6fd666e551a3094ab896a57809e010059540ad20acbeec03a154224ce", "bfd1d0ae7e292105f29d7deaa9d8f2916ed8553ab9d5f39ec65bcf5deadff3f9", "c22ab9f96cbaff05c6a84e20ec856383d27eae09e511d3e6ac4479489195861d", "c62ca0a38958f541a73cf86acdab020c2091631c137bd359c4f5bddde7b75fd4", "c709d8bda72cf4cd348ccec2a4881f2c5848fd72903c185f363d361b2737f773", "c968a6aa7e0b56ecbd28531ddf439c2ec103610d3e2bf3b75b813304f8cb7723", "ca58eba39c68010d7e87a823f22a081b5290e3e3c64714aac3c91481d8b34d22", "df785d8cb80539d0b55fd47183264b7002077859028dfe3070cf6359bf8b2d9c", "f406628ca51e0ae90ae76ea8398677a921b36f0bd71aab2099dfed08abd0322f", "f46087bbd95ebae244a0eda01a618aff11ec7a069b15a3ef8f6b520db523dcf1", "f8019c5279eb32360ca03e9fac40a12667715546eed5c5eb59eb381f2f501260", "fc5f4d209733750afd2714e9109816a29500718b32dd9a5db01c0cb3a019b96a"]
django = ["0a73696e0ac71ee6177103df984f9c1e07cd297f080f8ec4dc7c6f3fb74395b5", "43a99da08fee329480d27860d68279945b7d8bf7b537388ee2c8938c709b2041", "6fcc3cbd55b16f9a01f37de8bcbe286e0ea22e87096557f1511051780338eaea", "bb407d0bb46395ca1241f829f5bd03f7e482f97f7d1936e26e98dacb201ed4ec"]
entrypoints = ["589f874b313739ad35be6e0cd7efde2a4e9b6fea91edcc34e58ecbb8dbe56d19", "c70dd71abe5a8c85e55e12c19bd91ccfeec11a6e99044204511f9ed547d48451"]
enum34 = ["2d81cbbe0e73112bdfe6ef8576f2238f2ba27dd0d55752a776c41d38b7da2850", "644837f692e5f550741432dd3f223bbb9852018674981b1664e5dc339387588a", "6bd0f6ad48ec2aa117d3d141940d484deccda84d4fcd884f5c3d93c23ecd8c79", "8ad8c4783bf61ded74527bffb48ed9b54166685e4230386a9ed9b1279e2df5b1"]
faker = ["1c0a5e7bb54d2c54569986a27124715c83899e592d8d61d4e372dbff6c699573", "60477f757a80f665bbe1fb3d1cfe5d205ec7b99d5240114de7b27b4c25d236ca"]
faker-web = ["83924e631cd1a512f3ba6c336aaad16e0662544649791987e2de2920052f0f06", "ba3e6568544baa6fe5a81884c4751a345266db457a8a8cbede0afad253034784"]
filelock = ["b8d5ca5ca1c815e1574aee746650ea7301de63d87935b3463d26368b76e31633", "d610c1bb404daf85976d7a82eb2ada120f04671007266b708606565dd03b5be6"]
flake8 = ["859996073f341f2670741b51ec1e67a01da142831aa1fdc6242dbf88dffbe661", "a796a115208f5c03b18f332f7c11729812c8c3ded6c46319c59b53efd3819da8"]
flake8-black = ["c5f02ac7ec9c0851ebf79159d298340adc0e9777097a97f2cac4bac09e2cdbeb"]
flake8-bugbear = ["5070774b668be92c4312e5ca82748ddf4ecaa7a24ff062662681bb745c7896eb", "fef9c9826d14ec23187ae1edeb3c6513c4e46bf0e70d86bac38f7d9aabae113d"]
flake8-isort = ["1e67b6b90a9b980ac3ff73782087752d406ce0a729ed928b92797f9fa188917e", "81a8495eefed3f2f63f26cd2d766c7b1191e923a15b9106e6233724056572c68"]
funcsigs = ["330cc27ccbf7f1e992e69fef78261dc7c6569012cf397db8d3de0234e6c937ca", "a7bb0f2cf3a3fd1ab2732cb49eba4252c2af4240442415b4abce3b87022a8f50"]
functools32 = ["89d824aa6c358c421a234d7f9ee0bd75933a67c29588ce50aaa3acdf4d403fa0", "f6253dfbe0538ad2e387bd8fdfd9293c925d63553f5813c4e587745416501e6d"]
futures = ["9ec02aa7d674acb8618afb127e27fde7fc68994c0437ad759fa094a574adb265", "ec0a6cb848cc212002b9828c3e34c675e0c9ff6741dc445cab6fdd4e1085d1f1"]
glob2 = ["f5b0a686ff21f820c4d3f0c4edd216704cea59d79d00fa337e244a2f2ff83ed6"]
html5lib = ["20b159aa3badc9d5ee8f5c647e5efd02ed2a66ab8d354930bd9ff139fc1dc0a3", "66cb0dcfdbbc4f9c3ba1a63fdb511ffdbd4f513b2b6d81b80cd26ce6b3fb3736"]
identify = ["432c548d6138cb57a3d8f62f079a025a29b8ae34a50dd3b496bbf661818f2bc0", "d4401d60bf1938aa3074a352a5cc9044107edf11a6fedd3a1db172c141619b81"]
idna = ["c357b3f628cf53ae2c4c05627ecc484553142ca23264e593d327bcde5e9c3407", "ea8b7f6188e6fa117537c3df7da9fc686d485087abf6ac197f9c46432f7e4a3c"]
importlib-metadata = ["6a0080fdc87c8225e004b00b55bd1eab153a32ef5a11e17c14de81edbb8ed1a7", "c0bdce522d5b215c710f237cfc1f58ace432affd3052176bbb719f53e2465256"]
importlib-resources = ["6e2783b2538bd5a14678284a3962b0660c715e5a0f10243fd5e00a4b5974f50b", "d3279fd0f6f847cced9f7acc19bd3e5df54d34f93a2e7bb5f238f81545787078"]
ipaddress = ["64b28eec5e78e7510698f6d4da08800a5c575caa4a286c93d651c5d3ff7b6794", "b146c751ea45cad6188dd6cf2d9b757f6f4f8d6ffb96a023e6f2e26eea02a72c"]
isort = ["1349c6f7c2a0f7539f5f2ace51a9a8e4a37086ce4de6f78f5f53fb041d0a3cd5", "f09911f6eb114e5592abe635aded8bf3d2c3144ebcfcaf81ee32e7af7b7d1870"]
jsonschema = ["0c0a81564f181de3212efa2d17de1910f8732fa1b71c42266d983cd74304e20d", "a5f6559964a3851f59040d3b961de5e68e70971afb88ba519d27e6a039efff1a"]
lxml = ["03984196d00670b2ab14ae0ea83d5cc0cfa4f5a42558afa9ab5fa745995328f5", "0815b0c9f897468de6a386dc15917a0becf48cc92425613aa8bbfc7f0f82951f", "175f3825f075cf02d15099eb52658457cf0ff103dcf11512b5d2583e1d40f58b", "30e14c62d88d1e01a26936ecd1c6e784d4afc9aa002bba4321c5897937112616", "3210da6f36cf4b835ff1be853962b22cc354d506f493b67a4303c88bbb40d57b", "40f60819fbd5bad6e191ba1329bfafa09ab7f3f174b3d034d413ef5266963294", "43b26a865a61549919f8a42e094dfdb62847113cf776d84bd6b60e4e3fc20ea3", "4a03dd682f8e35a10234904e0b9508d705ff98cf962c5851ed052e9340df3d90", "62f382cddf3d2e52cf266e161aa522d54fd624b8cc567bc18f573d9d50d40e8e", "7b98f0325be8450da70aa4a796c4f06852949fe031878b4aa1d6c417a412f314", "846a0739e595871041385d86d12af4b6999f921359b38affb99cdd6b54219a8f", "a3080470559938a09a5d0ec558c005282e99ac77bf8211fb7b9a5c66390acd8d", "ad841b78a476623955da270ab8d207c3c694aa5eba71f4792f65926dc46c6ee8", "afdd75d9735e44c639ffd6258ce04a2de3b208f148072c02478162d0944d9da3", "b4fbf9b552faff54742bcd0791ab1da5863363fb19047e68f6592be1ac2dab33", "b90c4e32d6ec089d3fa3518436bdf5ce4d902a0787dbd9bb09f37afe8b994317", "b91cfe4438c741aeff662d413fd2808ac901cc6229c838236840d11de4586d63", "bdb0593a42070b0a5f138b79b872289ee73c8e25b3f0bea6564e795b55b6bcdd", "c4e4bca2bb68ce22320297dfa1a7bf070a5b20bcbaec4ee023f83d2f6e76496f", "cec4ab14af9eae8501be3266ff50c3c2aecc017ba1e86c160209bb4f0423df6a", "e83b4b2bf029f5104bc1227dbb7bf5ace6fd8fabaebffcd4f8106fafc69fc45f", "e995b3734a46d41ae60b6097f7c51ba9958648c6d1e0935b7e0ee446ee4abe22", "f679d93dec7f7210575c85379a31322df4c46496f184ef650d3aba1484b38a2d", "fd213bb5166e46974f113c8228daaef1732abc47cb561ce9c4c8eaed4bd3b09b", "fdcb57b906dbc1f80666e6290e794ab8fb959a2e17aa5aee1758a85d1da4533f", "ff424b01d090ffe1947ec7432b07f536912e0300458f9a7f48ea217dd8362b86"]
mccabe = ["ab8a6258860da4b6677da4bd2fe5dc2c659cff31b3ee4f7f5d64e79735b80d42", "dd8d182285a0fe56bace7f45b5e7d1a6ebcbf524e8f3bd87eb0f125271b8831f"]
mock = ["83657d894c90d5681d62155c82bda9c1187827525880eda8ff5df4ec813437c3", "d157e52d4e5b938c550f39eb2fd15610db062441a9c2747d3dbfa9298211d0f8"]
more-itertools = ["38a936c0a6d98a38bcc2d03fdaaedaba9f412879461dd2ceff8d37564d6522e4", "c0a5785b1109a6bd7fac76d6837fd1feca158e54e521ccd2ae8bfe393cc9d4fc", "fe7a7cae1ccb57d33952113ff4fa1bc5f879963600ed74918f1236e212ee50b9", "2112d2ca570bb7c3e53ea1a35cd5df42bb0fd10c45f0fb97178679c3c03d64c7", "c3e4748ba1aad8dba30a4886b0b1a2004f9a863837b8654e7059eebf727afa5a"]
msgpack = ["26cb40116111c232bc235ce131cc3b4e76549088cb154e66a2eb8ff6fcc907ec", "300fd3f2c664a3bf473d6a952f843b4a71454f4c592ed7e74a36b205c1782d28", "3129c355342853007de4a2a86e75eab966119733eb15748819b6554363d4e85c", "31f6d645ee5a97d59d3263fab9e6be76f69fa131cddc0d94091a3c8aca30d67a", "3ce7ef7ee2546c3903ca8c934d09250531b80c6127e6478781ae31ed835aac4c", "4008c72f5ef2b7936447dcb83db41d97e9791c83221be13d5e19db0796df1972", "62bd8e43d204580308d477a157b78d3fee2fb4c15d32578108dc5d89866036c8", "70cebfe08fb32f83051971264466eadf183101e335d8107b80002e632f425511", "72cb7cf85e9df5251abd7b61a1af1fb77add15f40fa7328e924a9c0b6bc7a533", "7c55649965c35eb32c499d17dadfb8f53358b961582846e1bc06f66b9bccc556", "86b963a5de11336ec26bc4f839327673c9796b398b9f1fe6bb6150c2a5d00f0f", "8c73c9bcdfb526247c5e4f4f6cf581b9bb86b388df82cfcaffde0a6e7bf3b43a", "8e68c76c6aff4849089962d25346d6784d38e02baa23ffa513cf46be72e3a540", "97ac6b867a8f63debc64f44efdc695109d541ecc361ee2dce2c8884ab37360a1", "9d4f546af72aa001241d74a79caec278bcc007b4bcde4099994732e98012c858", "a28e69fe5468c9f5251c7e4e7232286d71b7dfadc74f312006ebe984433e9746", "fd509d4aa95404ce8d86b4e32ce66d5d706fd6646c205e1c2a715d87078683a2"]
nodeenv = ["ad8259494cf1c9034539f6cced78a1da4840a4b157e23640bc4a0c0546b0cb7a"]
pastel = ["3108af417ec0fa6d0a620e676ec4f02c839ca13e10611586e5d2174b46aa0bc3", "d1fee8079534f99f1805a044fef946d23eee6d6a7cd34292c30e6c16be9a80b9"]
pathlib2 = ["25199318e8cc3c25dcb45cbe084cc061051336d5a9ea2a12448d3d8cb748f742", "5887121d7f7df3603bca2f710e7219f3eca0eb69e0b7cc6e0a022e155ac931a7"]
pkginfo = ["7424f2c8511c186cd5424bbf31045b77435b37a8d604990b79d4e70d741148bb", "a6d9e40ca61ad3ebd0b72fbadd4fba16e4c0e4df0428c041e01e06eb6ee71f32"]
pluggy = ["25a1bc1d148c9a640211872b4ff859878d422bccb59c9965e04eed468a0aa180", "964cedd2b27c492fbf0b7f58b3284a09cf7f99b0f715941fb24a439b3af1bd1a"]
poetry = ["15652367a0d0df29b954dce07e022b8329bdc103251e2783ac006c9771997891", "9151dbb13811376a0b25ea7371adfe214f2e86f6c4ac5fa8a582dede1197c8de"]
pre-commit = ["6ca409d1f22d444af427fb023a33ca8b69625d508a50e1b7eaabd59247c93043", "94dd519597f5bff06a4b0df194a79c524b78f4b1534c1ce63241a9d4fb23b926"]
py = ["64f65755aee5b381cea27766a3a147c3f15b9b6b9ac88676de66ba2ae36793fa", "dc639b046a6e2cff5bbe40194ad65936d6ba360b52b3c3fe1d08a82dd50b5e53"]
pycodestyle = ["95a2219d12372f05704562a14ec30bc76b05a5b297b21a5dfe3f6fac3491ae56", "e40a936c9a450ad81df37f549d676d127b1b66000a6c500caa2b085bc0ca976c"]
pyflakes = ["17dbeb2e3f4d772725c777fabc446d5634d1038f234e77343108ce445ea69ce0", "d976835886f8c5b31d47970ed689944a0262b5f3afa00a5a7b4dc81e5449f8a2"]
pylev = ["063910098161199b81e453025653ec53556c1be7165a9b7c50be2f4d57eae1c3", "1d29a87beb45ebe1e821e7a3b10da2b6b2f4c79b43f482c2df1a1f748a6e114e"]
pyparsing = ["1873c03321fc118f4e9746baf201ff990ceb915f433f23b395f5580d1840cb2a", "9b6323ef4ab914af344ba97510e966d64ba91055d6b9afa6b30799340e89cc03"]
pyrsistent = ["3ca82748918eb65e2d89f222b702277099aca77e34843c5eb9d52451173970e2"]
pytest = ["1a8aa4fa958f8f451ac5441f3ac130d9fc86ea38780dd2715e6d5c5882700b24", "b8bf138592384bd4e87338cb0f256bf5f615398a649d4bd83915f0e4047a5ca6"]
pytest-cov = ["2b097cde81a302e1047331b48cadacf23577e431b61e9c6f49a1170bbe3d3da6", "e00ea4fdde970725482f1f35630d12f074e121a23801aabf2ae154ec6bdd343a"]
pytest-django = ["30d773f1768e8f214a3106f1090e00300ce6edfcac8c55fd13b675fe1cbd1c85", "4d3283e774fe1d40630ee58bf34929b83875e4751b525eeb07a7506996eb42ee"]
pytest-mock = ["43ce4e9dd5074993e7c021bb1c22cbb5363e612a2b5a76bc6d956775b10758b7", "5bf5771b1db93beac965a7347dc81c675ec4090cb841e49d9d34637a25c30568"]
pytest-runner = ["00ad6cd754ce55b01b868a6d00b77161e4d2006b3918bde882376a0a884d0df4", "e946c7dbdc8c0c2ffa44e7b45450f68e7f08cb133983134fa63a1d1486c2b36b"]
python-dateutil = ["7e6584c74aeed623791615e26efd690f29817a27c73085b78e4bad02493df2fb", "c89805f6f4d64db21ed966fda138f8a5ed7a4fdbc1a8ee329ce1b74e3c74da9e"]
pytz = ["303879e36b721603cc54604edcac9d20401bdbe31e1e4fdee5b9f98d5d31dfda", "d747dd3d23d77ef44c6a3526e274af6efeb0a6f1afd5a69ba4d5be4098c8e141"]
pyyaml = ["1adecc22f88d38052fb787d959f003811ca858b799590a5eaa70e63dca50308c", "436bc774ecf7c103814098159fbb84c2715d25980175292c648f2da143909f95", "460a5a4248763f6f37ea225d19d5c205677d8d525f6a83357ca622ed541830c2", "5a22a9c84653debfbf198d02fe592c176ea548cccce47553f35f466e15cf2fd4", "7a5d3f26b89d688db27822343dfa25c599627bc92093e788956372285c6298ad", "9372b04a02080752d9e6f990179a4ab840227c6e2ce15b95e1278456664cf2ba", "a5dcbebee834eaddf3fa7366316b880ff4062e4bcc9787b78c7fbb4a26ff2dd1", "aee5bab92a176e7cd034e57f46e9df9a9862a71f8f37cad167c6fc74c65f5b4e", "c51f642898c0bacd335fc119da60baae0824f2cde95b0330b56c0553439f0673", "c68ea4d3ba1705da1e0d85da6684ac657912679a649e8868bd850d2c299cce13", "e23d0cc5299223dcc37885dae624f382297717e459ea24053709675a976a3e19"]
requests = ["502a824f31acdacb3a35b6690b5fbf0bc41d63a24a45c4004352b0242707598e", "7bf2a778576d825600030a110f3c0e3e8edc51dfaafe1c146e39a2027784957b"]
requests-toolbelt = ["42c9c170abc2cacb78b8ab23ac957945c7716249206f90874651971a4acff237", "f6a531936c6fa4c6cfce1b9c10d5c4f498d16528d2a54a22ca00011205a187b5"]
scandir = ["2586c94e907d99617887daed6c1d102b5ca28f1085f90446554abf1faf73123e", "2ae41f43797ca0c11591c0c35f2f5875fa99f8797cb1a1fd440497ec0ae4b022", "2b8e3888b11abb2217a32af0766bc06b65cc4a928d8727828ee68af5a967fa6f", "2c712840c2e2ee8dfaf36034080108d30060d759c7b73a01a52251cc8989f11f", "4d4631f6062e658e9007ab3149a9b914f3548cb38bfb021c64f39a025ce578ae", "67f15b6f83e6507fdc6fca22fedf6ef8b334b399ca27c6b568cbfaa82a364173", "7d2d7a06a252764061a020407b997dd036f7bd6a175a5ba2b345f0a357f0b3f4", "8c5922863e44ffc00c5c693190648daa6d15e7c1207ed02d6f46a8dcc2869d32", "92c85ac42f41ffdc35b6da57ed991575bdbe69db895507af88b9f499b701c188", "b24086f2375c4a094a6b51e78b4cf7ca16c721dcee2eddd7aa6494b42d6d519d", "cb925555f43060a1745d0a321cca94bcea927c50114b623d73179189a4e100ac"]
shellingham = ["77d37a4fd287c1e663006f7ecf1b9deca9ad492d0082587bd813c44eb49e4e62", "985b23bbd1feae47ca6a6365eacd314d93d95a8a16f8f346945074c28fe6f3e0"]
six = ["3350809f0555b11f552448330d0b52d5f24c91a322ea4a15ef22629740f3761c", "d16a0141ec1a18405cd4ce8b4613101da75da0e9a7aec5bdd4fa804d0e0eba73"]
sqlparse = ["40afe6b8d4b1117e7dff5504d7a8ce07d9a1b15aeeade8a2d10f130a834f8177", "7c3dca29c022744e95b547e867cee89f4fce4373f3549ccd8797d8eb52cdb873"]
testfixtures = ["819e9090bf3cce5dfaf56817f55ede76b3ae490ad0e9ffe3060a6618d11894c3", "a6e95634a80bd6e5adc7e861729f4abd84433e91b4215d48a2098a096c0261b7"]
text-unidecode = ["5a1375bb2ba7968740508ae38d92e1f889a0832913cb1c447d5e2046061a396d", "801e38bd550b943563660a91de8d4b6fa5df60a542be9093f7abf819f86050cc"]
toml = ["229f81c57791a41d65e399fc06bf0848bab550a9dfd5ed66df18ce5f05e73d5c", "235682dd292d5899d361a811df37e04a8828a5b1da3115886b73cf81ebc9100e", "f1db651f9657708513243e61e6cc67d101a39bad662eaa9b5546f789338e07a3"]
tomlkit = ["d6506342615d051bc961f70bfcfa3d29b6616cc08a3ddfd4bc24196f16fd4ec2", "f077456d35303e7908cc233b340f71e0bec96f63429997f38ca9272b7d64029e"]
tox = ["1b166b93d2ce66bb7b253ba944d2be89e0c9d432d49eeb9da2988b4902a4684e", "665cbdd99f5c196dd80d1d8db8c8cf5d48b1ae1f778bccd1bdf14d5aaf4ca0fc"]
typing = ["4027c5f6127a6267a435201981ba156de91ad0d1d98e9ddc2aa173453453492d", "57dcf675a99b74d64dacf6fba08fb17cf7e3d5fdff53d4a30ea2a5e7e52543d4", "a4c8473ce11a65999c8f59cb093e70686b6c84c98df58c1dae9b3b196089858a"]
urllib3 = ["2393a695cd12afedd0dcb26fe5d50d0cf248e5a66f75dbd89a3d4eb333a61af4", "a637e5fae88995b256e3409dc4d52c2e2e0ba32c42a6365fee8bbd2238de3cfb"]
virtualenv = ["15ee248d13e4001a691d9583948ad3947bcb8a289775102e4c4aa98a8b7a6d73", "bfc98bb9b42a3029ee41b96dc00a34c2f254cbf7716bec824477b2c82741a5c4"]
wcwidth = ["3df37372226d6e63e1b1e1eda15c594bca98a22d33a23832a90998faa96bc65e", "f4ebe71925af7b40a864553f761ed559b43544f8f71746c2d756c7fe788ade7c"]
webencodings = ["a0af1213f3c2226497a97e2b3aa01a7e4bee4f403f95be16fc9acd2947514a78", "b36a1c245f2d304965eb4e0a82848379241dc04b865afcc4aab16748587e1923"]
zipp = ["46dfd547d9ccbf8bdc26ecea52818046bb28509f12bb6a0de1cd66ab06e9a9be", "d7ac25f895fb65bff937b381353c14eb1fa23d35f40abd72a5342cd57eb57fd1"]
